
Microsoft Visual Studio Solution File, Format Version 12.00
# Visual Studio Version 16
VisualStudioVersion = 16.0.29926.136
MinimumVisualStudioVersion = 10.0.40219.1
Project("{9A19103F-16F7-4668-BE54-9A1E7A4F7556}") = "SharedServices", "SharedServices\SharedServices.csproj", "{E5B94831-7B39-4DD7-8627-6DF0AF5D1FE5}"
EndProject
Project("{2150E333-8FDC-42A3-9474-1A3956D46DE8}") = "UI", "UI", "{05DDB704-7918-4A9A-B54D-F5E3CA9C2FAB}"
EndProject
Project("{2150E333-8FDC-42A3-9474-1A3956D46DE8}") = "BL", "BL", "{40ECF789-0F30-4762-B11D-41D2920177A3}"
EndProject
Project("{2150E333-8FDC-42A3-9474-1A3956D46DE8}") = "DAL", "DAL", "{B1385AE9-7DCD-4D4A-B7FE-BDA4937821E8}"
EndProject
Project("{FAE04EC0-301F-11D3-BF4B-00C04F79EFBC}") = "SharedServices.BL", "SharedServices.BL\SharedServices.BL.csproj", "{D74CB764-DEFB-4D33-B550-14D75CA0B05B}"
EndProject
Project("{FAE04EC0-301F-11D3-BF4B-00C04F79EFBC}") = "SharedServices.BL.Tests", "SharedServices.BL.Tests\SharedServices.BL.Tests.csproj", "{1EE317E8-24D8-43A3-9D3B-AF8BD0BC224A}"
EndProject
Project("{FAE04EC0-301F-11D3-BF4B-00C04F79EFBC}") = "SharedServices.DAL", "Sharedservices.DAL\SharedServices.DAL.csproj", "{F2BBC2C5-22BA-454A-B9DB-D68D9AA04F92}"
EndProject
Project("{FAE04EC0-301F-11D3-BF4B-00C04F79EFBC}") = "SharedServices.DAL.Tests", "SharedServices.DAL.Tests\SharedServices.DAL.Tests.csproj", "{82525C90-9851-4B59-BC2C-5BA0C9A85F83}"
EndProject
Project("{2150E333-8FDC-42A3-9474-1A3956D46DE8}") = "Mutual", "Mutual", "{F6254307-F1F5-4CBD-AC7D-59E7FCAD68A5}"
EndProject
Project("{FAE04EC0-301F-11D3-BF4B-00C04F79EFBC}") = "SharedServices.Mutual", "SharedServices.Mutual\SharedServices.Mutual.csproj", "{66AC0628-0AD1-405E-B400-9905B48D095D}"
EndProject
Global
	GlobalSection(SolutionConfigurationPlatforms) = preSolution
		Debug|Any CPU = Debug|Any CPU
		Release|Any CPU = Release|Any CPU
	EndGlobalSection
	GlobalSection(ProjectConfigurationPlatforms) = postSolution
		{E5B94831-7B39-4DD7-8627-6DF0AF5D1FE5}.Debug|Any CPU.ActiveCfg = Debug|Any CPU
		{E5B94831-7B39-4DD7-8627-6DF0AF5D1FE5}.Debug|Any CPU.Build.0 = Debug|Any CPU
		{E5B94831-7B39-4DD7-8627-6DF0AF5D1FE5}.Release|Any CPU.ActiveCfg = Release|Any CPU
		{E5B94831-7B39-4DD7-8627-6DF0AF5D1FE5}.Release|Any CPU.Build.0 = Release|Any CPU
		{D74CB764-DEFB-4D33-B550-14D75CA0B05B}.Debug|Any CPU.ActiveCfg = Debug|Any CPU
		{D74CB764-DEFB-4D33-B550-14D75CA0B05B}.Debug|Any CPU.Build.0 = Debug|Any CPU
		{D74CB764-DEFB-4D33-B550-14D75CA0B05B}.Release|Any CPU.ActiveCfg = Release|Any CPU
		{D74CB764-DEFB-4D33-B550-14D75CA0B05B}.Release|Any CPU.Build.0 = Release|Any CPU
		{1EE317E8-24D8-43A3-9D3B-AF8BD0BC224A}.Debug|Any CPU.ActiveCfg = Debug|Any CPU
		{1EE317E8-24D8-43A3-9D3B-AF8BD0BC224A}.Debug|Any CPU.Build.0 = Debug|Any CPU
		{1EE317E8-24D8-43A3-9D3B-AF8BD0BC224A}.Release|Any CPU.ActiveCfg = Release|Any CPU
		{1EE317E8-24D8-43A3-9D3B-AF8BD0BC224A}.Release|Any CPU.Build.0 = Release|Any CPU
		{F2BBC2C5-22BA-454A-B9DB-D68D9AA04F92}.Debug|Any CPU.ActiveCfg = Debug|Any CPU
		{F2BBC2C5-22BA-454A-B9DB-D68D9AA04F92}.Debug|Any CPU.Build.0 = Debug|Any CPU
		{F2BBC2C5-22BA-454A-B9DB-D68D9AA04F92}.Release|Any CPU.ActiveCfg = Release|Any CPU
		{F2BBC2C5-22BA-454A-B9DB-D68D9AA04F92}.Release|Any CPU.Build.0 = Release|Any CPU
		{82525C90-9851-4B59-BC2C-5BA0C9A85F83}.Debug|Any CPU.ActiveCfg = Debug|Any CPU
		{82525C90-9851-4B59-BC2C-5BA0C9A85F83}.Debug|Any CPU.Build.0 = Debug|Any CPU
		{82525C90-9851-4B59-BC2C-5BA0C9A85F83}.Release|Any CPU.ActiveCfg = Release|Any CPU
		{82525C90-9851-4B59-BC2C-5BA0C9A85F83}.Release|Any CPU.Build.0 = Release|Any CPU
		{66AC0628-0AD1-405E-B400-9905B48D095D}.Debug|Any CPU.ActiveCfg = Debug|Any CPU
		{66AC0628-0AD1-405E-B400-9905B48D095D}.Debug|Any CPU.Build.0 = Debug|Any CPU
		{66AC0628-0AD1-405E-B400-9905B48D095D}.Release|Any CPU.ActiveCfg = Release|Any CPU
		{66AC0628-0AD1-405E-B400-9905B48D095D}.Release|Any CPU.Build.0 = Release|Any CPU
	EndGlobalSection
	GlobalSection(SolutionProperties) = preSolution
		HideSolutionNode = FALSE
	EndGlobalSection
	GlobalSection(NestedProjects) = preSolution
		{E5B94831-7B39-4DD7-8627-6DF0AF5D1FE5} = {05DDB704-7918-4A9A-B54D-F5E3CA9C2FAB}
		{D74CB764-DEFB-4D33-B550-14D75CA0B05B} = {40ECF789-0F30-4762-B11D-41D2920177A3}
		{1EE317E8-24D8-43A3-9D3B-AF8BD0BC224A} = {40ECF789-0F30-4762-B11D-41D2920177A3}
		{F2BBC2C5-22BA-454A-B9DB-D68D9AA04F92} = {B1385AE9-7DCD-4D4A-B7FE-BDA4937821E8}
		{82525C90-9851-4B59-BC2C-5BA0C9A85F83} = {B1385AE9-7DCD-4D4A-B7FE-BDA4937821E8}
		{66AC0628-0AD1-405E-B400-9905B48D095D} = {F6254307-F1F5-4CBD-AC7D-59E7FCAD68A5}
	EndGlobalSection
	GlobalSection(ExtensibilityGlobals) = postSolution
		SolutionGuid = {F83879D1-4A05-41E4-8566-3F861A1086AE}
	EndGlobalSection
EndGlobal
